
Microsoft Visual Studio Solution File, Format Version 12.00
# Visual Studio Version 17
VisualStudioVersion = 17.0.31903.59
MinimumVisualStudioVersion = 10.0.40219.1
Project("{FAE04EC0-301F-11D3-BF4B-00C04F79EFBC}") = "W4 Josephine Young 0706022110044", "W4 Josephine Young 0706022110044\W4 Josephine Young 0706022110044.csproj", "{2B1A7D54-6648-41FF-AE35-14300F17FB26}"
EndProject
Global
	GlobalSection(SolutionConfigurationPlatforms) = preSolution
		Debug|Any CPU = Debug|Any CPU
		Release|Any CPU = Release|Any CPU
	EndGlobalSection
	GlobalSection(ProjectConfigurationPlatforms) = postSolution
		{2B1A7D54-6648-41FF-AE35-14300F17FB26}.Debug|Any CPU.ActiveCfg = Debug|Any CPU
		{2B1A7D54-6648-41FF-AE35-14300F17FB26}.Debug|Any CPU.Build.0 = Debug|Any CPU
		{2B1A7D54-6648-41FF-AE35-14300F17FB26}.Release|Any CPU.ActiveCfg = Release|Any CPU
		{2B1A7D54-6648-41FF-AE35-14300F17FB26}.Release|Any CPU.Build.0 = Release|Any CPU
	EndGlobalSection
	GlobalSection(SolutionProperties) = preSolution
		HideSolutionNode = FALSE
	EndGlobalSection
	GlobalSection(ExtensibilityGlobals) = postSolution
		SolutionGuid = {A537DDBD-DC99-4C1E-B1E3-ED494A207FB0}
	EndGlobalSection
EndGlobal
